
Microsoft Visual Studio Solution File, Format Version 12.00
Project("{FAE04EC0-301F-11D3-BF4B-00C04F79EFBC}") = "Backend", "Backend\Backend.csproj", "{9EDAACC9-C4CD-4625-A446-F654E0751AC5}"
EndProject
Global
	GlobalSection(SolutionConfigurationPlatforms) = preSolution
		Debug|Any CPU = Debug|Any CPU
		Release|Any CPU = Release|Any CPU
	EndGlobalSection
	GlobalSection(ProjectConfigurationPlatforms) = postSolution
		{9EDAACC9-C4CD-4625-A446-F654E0751AC5}.Debug|Any CPU.ActiveCfg = Debug|Any CPU
		{9EDAACC9-C4CD-4625-A446-F654E0751AC5}.Debug|Any CPU.Build.0 = Debug|Any CPU
		{9EDAACC9-C4CD-4625-A446-F654E0751AC5}.Release|Any CPU.ActiveCfg = Release|Any CPU
		{9EDAACC9-C4CD-4625-A446-F654E0751AC5}.Release|Any CPU.Build.0 = Release|Any CPU
		{E9A11A73-60D5-4976-8FF6-2E1B71F835ED}.Debug|Any CPU.ActiveCfg = Debug|Any CPU
		{E9A11A73-60D5-4976-8FF6-2E1B71F835ED}.Debug|Any CPU.Build.0 = Debug|Any CPU
		{E9A11A73-60D5-4976-8FF6-2E1B71F835ED}.Release|Any CPU.ActiveCfg = Release|Any CPU
		{E9A11A73-60D5-4976-8FF6-2E1B71F835ED}.Release|Any CPU.Build.0 = Release|Any CPU
	EndGlobalSection
EndGlobal
